
Microsoft Visual Studio Solution File, Format Version 12.00
# Visual Studio Version 17
VisualStudioVersion = 17.12.35707.178
MinimumVisualStudioVersion = 10.0.40219.1
Project("{FAE04EC0-301F-11D3-BF4B-00C04F79EFBC}") = "lukoshkino", "lukoshkino\lukoshkino.csproj", "{CC42C489-F620-44CE-8D99-62DCF865A2BA}"
EndProject
Global
	GlobalSection(SolutionConfigurationPlatforms) = preSolution
		Debug|Any CPU = Debug|Any CPU
		Release|Any CPU = Release|Any CPU
	EndGlobalSection
	GlobalSection(ProjectConfigurationPlatforms) = postSolution
		{CC42C489-F620-44CE-8D99-62DCF865A2BA}.Debug|Any CPU.ActiveCfg = Debug|Any CPU
		{CC42C489-F620-44CE-8D99-62DCF865A2BA}.Debug|Any CPU.Build.0 = Debug|Any CPU
		{CC42C489-F620-44CE-8D99-62DCF865A2BA}.Release|Any CPU.ActiveCfg = Release|Any CPU
		{CC42C489-F620-44CE-8D99-62DCF865A2BA}.Release|Any CPU.Build.0 = Release|Any CPU
	EndGlobalSection
	GlobalSection(SolutionProperties) = preSolution
		HideSolutionNode = FALSE
	EndGlobalSection
	GlobalSection(ExtensibilityGlobals) = postSolution
		SolutionGuid = {F17D994F-B727-4111-858B-5691C2F42388}
	EndGlobalSection
EndGlobal
